
Microsoft Visual Studio Solution File, Format Version 12.00
# Visual Studio Version 17
VisualStudioVersion = 17.0.32014.148
MinimumVisualStudioVersion = 10.0.40219.1
Project("{FAE04EC0-301F-11D3-BF4B-00C04F79EFBC}") = "GetUserFromADTest", "GetUserFromADTest.csproj", "{DED424D5-FC49-44DC-A066-A63E483BE81B}"
EndProject
Global
	GlobalSection(SolutionConfigurationPlatforms) = preSolution
		Debug|Any CPU = Debug|Any CPU
		Release|Any CPU = Release|Any CPU
	EndGlobalSection
	GlobalSection(ProjectConfigurationPlatforms) = postSolution
		{DED424D5-FC49-44DC-A066-A63E483BE81B}.Debug|Any CPU.ActiveCfg = Debug|Any CPU
		{DED424D5-FC49-44DC-A066-A63E483BE81B}.Debug|Any CPU.Build.0 = Debug|Any CPU
		{DED424D5-FC49-44DC-A066-A63E483BE81B}.Release|Any CPU.ActiveCfg = Release|Any CPU
		{DED424D5-FC49-44DC-A066-A63E483BE81B}.Release|Any CPU.Build.0 = Release|Any CPU
	EndGlobalSection
	GlobalSection(SolutionProperties) = preSolution
		HideSolutionNode = FALSE
	EndGlobalSection
	GlobalSection(ExtensibilityGlobals) = postSolution
		SolutionGuid = {5C3E2AD4-D494-42A5-A594-05CFFB732E8E}
	EndGlobalSection
EndGlobal
